// !$*UTF8*$!
{
	archiveVersion = 1;
	classes = {
	};
	objectVersion = 77;
	objects = {

/* Begin PBXContainerItemProxy section */
		C7A5B70D2D933C8F0049AD92 /* PBXContainerItemProxy */ = {
			isa = PBXContainerItemProxy;
			containerPortal = C7A5B6EE2D933C8E0049AD92 /* Project object */;
			proxyType = 1;
			remoteGlobalIDString = C7A5B6F52D933C8E0049AD92;
			remoteInfo = PokeDexApp;
		};
		C7A5B7172D933C8F0049AD92 /* PBXContainerItemProxy */ = {
			isa = PBXContainerItemProxy;
			containerPortal = C7A5B6EE2D933C8E0049AD92 /* Project object */;
			proxyType = 1;
			remoteGlobalIDString = C7A5B6F52D933C8E0049AD92;
			remoteInfo = PokeDexApp;
		};
/* End PBXContainerItemProxy section */

/* Begin PBXFileReference section */
		C7A5B6F62D933C8E0049AD92 /* PokeDexApp.app */ = {isa = PBXFileReference; explicitFileType = wrapper.application; includeInIndex = 0; path = PokeDexApp.app; sourceTree = BUILT_PRODUCTS_DIR; };
		C7A5B70C2D933C8F0049AD92 /* PokeDexAppTests.xctest */ = {isa = PBXFileReference; explicitFileType = wrapper.cfbundle; includeInIndex = 0; path = PokeDexAppTests.xctest; sourceTree = BUILT_PRODUCTS_DIR; };
		C7A5B7162D933C8F0049AD92 /* PokeDexAppUITests.xctest */ = {isa = PBXFileReference; explicitFileType = wrapper.cfbundle; includeInIndex = 0; path = PokeDexAppUITests.xctest; sourceTree = BUILT_PRODUCTS_DIR; };
/* End PBXFileReference section */

/* Begin PBXFileSystemSynchronizedBuildFileExceptionSet section */
		C7A5B71E2D933C8F0049AD92 /* Exceptions for "PokeDexApp" folder in "PokeDexApp" target */ = {
			isa = PBXFileSystemSynchronizedBuildFileExceptionSet;
			membershipExceptions = (
				Info.plist,
			);
			target = C7A5B6F52D933C8E0049AD92 /* PokeDexApp */;
		};
/* End PBXFileSystemSynchronizedBuildFileExceptionSet section */

/* Begin PBXFileSystemSynchronizedRootGroup section */
		C7A5B6F82D933C8E0049AD92 /* PokeDexApp */ = {
			isa = PBXFileSystemSynchronizedRootGroup;
			exceptions = (
				C7A5B71E2D933C8F0049AD92 /* Exceptions for "PokeDexApp" folder in "PokeDexApp" target */,
			);
			path = PokeDexApp;
			sourceTree = "<group>";
		};
		C7A5B70F2D933C8F0049AD92 /* PokeDexAppTests */ = {
			isa = PBXFileSystemSynchronizedRootGroup;
			path = PokeDexAppTests;
			sourceTree = "<group>";
		};
		C7A5B7192D933C8F0049AD92 /* PokeDexAppUITests */ = {
			isa = PBXFileSystemSynchronizedRootGroup;
			path = PokeDexAppUITests;
			sourceTree = "<group>";
		};
/* End PBXFileSystemSynchronizedRootGroup section */

/* Begin PBXFrameworksBuildPhase section */
		C7A5B6F32D933C8E0049AD92 /* Frameworks */ = {
			isa = PBXFrameworksBuildPhase;
			buildActionMask = 2147483647;
			files = (
			);
			runOnlyForDeploymentPostprocessing = 0;
		};
		C7A5B7092D933C8F0049AD92 /* Frameworks */ = {
			isa = PBXFrameworksBuildPhase;
			buildActionMask = 2147483647;
			files = (
			);
			runOnlyForDeploymentPostprocessing = 0;
		};
		C7A5B7132D933C8F0049AD92 /* Frameworks */ = {
			isa = PBXFrameworksBuildPhase;
			buildActionMask = 2147483647;
			files = (
			);
			runOnlyForDeploymentPostprocessing = 0;
		};
/* End PBXFrameworksBuildPhase section */

/* Begin PBXGroup section */
		C7A5B6ED2D933C8E0049AD92 = {
			isa = PBXGroup;
			children = (
				C7A5B6F82D933C8E0049AD92 /* PokeDexApp */,
				C7A5B70F2D933C8F0049AD92 /* PokeDexAppTests */,
				C7A5B7192D933C8F0049AD92 /* PokeDexAppUITests */,
				C7A5B6F72D933C8E0049AD92 /* Products */,
			);
			sourceTree = "<group>";
		};
		C7A5B6F72D933C8E0049AD92 /* Products */ = {
			isa = PBXGroup;
			children = (
				C7A5B6F62D933C8E0049AD92 /* PokeDexApp.app */,
				C7A5B70C2D933C8F0049AD92 /* PokeDexAppTests.xctest */,
				C7A5B7162D933C8F0049AD92 /* PokeDexAppUITests.xctest */,
			);
			name = Products;
			sourceTree = "<group>";
		};
/* End PBXGroup section */

/* Begin PBXNativeTarget section */
		C7A5B6F52D933C8E0049AD92 /* PokeDexApp */ = {
			isa = PBXNativeTarget;
			buildConfigurationList = C7A5B71F2D933C8F0049AD92 /* Build configuration list for PBXNativeTarget "PokeDexApp" */;
			buildPhases = (
				C7A5B6F22D933C8E0049AD92 /* Sources */,
				C7A5B6F32D933C8E0049AD92 /* Frameworks */,
				C7A5B6F42D933C8E0049AD92 /* Resources */,
			);
			buildRules = (
			);
			dependencies = (
			);
			fileSystemSynchronizedGroups = (
				C7A5B6F82D933C8E0049AD92 /* PokeDexApp */,
			);
			name = PokeDexApp;
			packageProductDependencies = (
			);
			productName = PokeDexApp;
			productReference = C7A5B6F62D933C8E0049AD92 /* PokeDexApp.app */;
			productType = "com.apple.product-type.application";
		};
		C7A5B70B2D933C8F0049AD92 /* PokeDexAppTests */ = {
			isa = PBXNativeTarget;
			buildConfigurationList = C7A5B7242D933C8F0049AD92 /* Build configuration list for PBXNativeTarget "PokeDexAppTests" */;
			buildPhases = (
				C7A5B7082D933C8F0049AD92 /* Sources */,
				C7A5B7092D933C8F0049AD92 /* Frameworks */,
				C7A5B70A2D933C8F0049AD92 /* Resources */,
			);
			buildRules = (
			);
			dependencies = (
				C7A5B70E2D933C8F0049AD92 /* PBXTargetDependency */,
			);
			fileSystemSynchronizedGroups = (
				C7A5B70F2D933C8F0049AD92 /* PokeDexAppTests */,
			);
			name = PokeDexAppTests;
			packageProductDependencies = (
			);
			productName = PokeDexAppTests;
			productReference = C7A5B70C2D933C8F0049AD92 /* PokeDexAppTests.xctest */;
			productType = "com.apple.product-type.bundle.unit-test";
		};
		C7A5B7152D933C8F0049AD92 /* PokeDexAppUITests */ = {
			isa = PBXNativeTarget;
			buildConfigurationList = C7A5B7272D933C8F0049AD92 /* Build configuration list for PBXNativeTarget "PokeDexAppUITests" */;
			buildPhases = (
				C7A5B7122D933C8F0049AD92 /* Sources */,
				C7A5B7132D933C8F0049AD92 /* Frameworks */,
				C7A5B7142D933C8F0049AD92 /* Resources */,
			);
			buildRules = (
			);
			dependencies = (
				C7A5B7182D933C8F0049AD92 /* PBXTargetDependency */,
			);
			fileSystemSynchronizedGroups = (
				C7A5B7192D933C8F0049AD92 /* PokeDexAppUITests */,
			);
			name = PokeDexAppUITests;
			packageProductDependencies = (
			);
			productName = PokeDexAppUITests;
			productReference = C7A5B7162D933C8F0049AD92 /* PokeDexAppUITests.xctest */;
			productType = "com.apple.product-type.bundle.ui-testing";
		};
/* End PBXNativeTarget section */

/* Begin PBXProject section */
		C7A5B6EE2D933C8E0049AD92 /* Project object */ = {
			isa = PBXProject;
			attributes = {
				BuildIndependentTargetsInParallel = 1;
				LastSwiftUpdateCheck = 1620;
				LastUpgradeCheck = 1620;
				TargetAttributes = {
					C7A5B6F52D933C8E0049AD92 = {
						CreatedOnToolsVersion = 16.2;
					};
					C7A5B70B2D933C8F0049AD92 = {
						CreatedOnToolsVersion = 16.2;
						TestTargetID = C7A5B6F52D933C8E0049AD92;
					};
					C7A5B7152D933C8F0049AD92 = {
						CreatedOnToolsVersion = 16.2;
						TestTargetID = C7A5B6F52D933C8E0049AD92;
					};
				};
			};
			buildConfigurationList = C7A5B6F12D933C8E0049AD92 /* Build configuration list for PBXProject "PokeDexApp" */;
			developmentRegion = en;
			hasScannedForEncodings = 0;
			knownRegions = (
				en,
				Base,
			);
			mainGroup = C7A5B6ED2D933C8E0049AD92;
			minimizedProjectReferenceProxies = 1;
			preferredProjectObjectVersion = 77;
			productRefGroup = C7A5B6F72D933C8E0049AD92 /* Products */;
			projectDirPath = "";
			projectRoot = "";
			targets = (
				C7A5B6F52D933C8E0049AD92 /* PokeDexApp */,
				C7A5B70B2D933C8F0049AD92 /* PokeDexAppTests */,
				C7A5B7152D933C8F0049AD92 /* PokeDexAppUITests */,
			);
		};
/* End PBXProject section */

/* Begin PBXResourcesBuildPhase section */
		C7A5B6F42D933C8E0049AD92 /* Resources */ = {
			isa = PBXResourcesBuildPhase;
			buildActionMask = 2147483647;
			files = (
			);
			runOnlyForDeploymentPostprocessing = 0;
		};
		C7A5B70A2D933C8F0049AD92 /* Resources */ = {
			isa = PBXResourcesBuildPhase;
			buildActionMask = 2147483647;
			files = (
			);
			runOnlyForDeploymentPostprocessing = 0;
		};
		C7A5B7142D933C8F0049AD92 /* Resources */ = {
			isa = PBXResourcesBuildPhase;
			buildActionMask = 2147483647;
			files = (
			);
			runOnlyForDeploymentPostprocessing = 0;
		};
/* End PBXResourcesBuildPhase section */

/* Begin PBXSourcesBuildPhase section */
		C7A5B6F22D933C8E0049AD92 /* Sources */ = {
			isa = PBXSourcesBuildPhase;
			buildActionMask = 2147483647;
			files = (
			);
			runOnlyForDeploymentPostprocessing = 0;
		};
		C7A5B7082D933C8F0049AD92 /* Sources */ = {
			isa = PBXSourcesBuildPhase;
			buildActionMask = 2147483647;
			files = (
			);
			runOnlyForDeploymentPostprocessing = 0;
		};
		C7A5B7122D933C8F0049AD92 /* Sources */ = {
			isa = PBXSourcesBuildPhase;
			buildActionMask = 2147483647;
			files = (
			);
			runOnlyForDeploymentPostprocessing = 0;
		};
/* End PBXSourcesBuildPhase section */

/* Begin PBXTargetDependency section */
		C7A5B70E2D933C8F0049AD92 /* PBXTargetDependency */ = {
			isa = PBXTargetDependency;
			target = C7A5B6F52D933C8E0049AD92 /* PokeDexApp */;
			targetProxy = C7A5B70D2D933C8F0049AD92 /* PBXContainerItemProxy */;
		};
		C7A5B7182D933C8F0049AD92 /* PBXTargetDependency */ = {
			isa = PBXTargetDependency;
			target = C7A5B6F52D933C8E0049AD92 /* PokeDexApp */;
			targetProxy = C7A5B7172D933C8F0049AD92 /* PBXContainerItemProxy */;
		};
/* End PBXTargetDependency section */

/* Begin XCBuildConfiguration section */
		C7A5B7202D933C8F0049AD92 /* Debug */ = {
			isa = XCBuildConfiguration;
			buildSettings = {
				ASSETCATALOG_COMPILER_APPICON_NAME = AppIcon;
				ASSETCATALOG_COMPILER_GLOBAL_ACCENT_COLOR_NAME = AccentColor;
				CODE_SIGN_STYLE = Automatic;
				CURRENT_PROJECT_VERSION = 1;
				DEVELOPMENT_TEAM = 2D25YZNJAC;
				GENERATE_INFOPLIST_FILE = YES;
				INFOPLIST_FILE = PokeDexApp/Info.plist;
				INFOPLIST_KEY_CFBundleDisplayName = PokeDex;
				INFOPLIST_KEY_LSApplicationCategoryType = "public.app-category.lifestyle";
				INFOPLIST_KEY_UIApplicationSupportsIndirectInputEvents = YES;
				INFOPLIST_KEY_UILaunchStoryboardName = LaunchScreen;
				INFOPLIST_KEY_UISupportedInterfaceOrientations = UIInterfaceOrientationPortrait;
				INFOPLIST_KEY_UISupportedInterfaceOrientations_iPad = "UIInterfaceOrientationLandscapeLeft UIInterfaceOrientationLandscapeRight UIInterfaceOrientationPortrait UIInterfaceOrientationPortraitUpsideDown";
				LD_RUNPATH_SEARCH_PATHS = (
					"$(inherited)",
					"@executable_path/Frameworks",
				);
				MARKETING_VERSION = 1.0;
				PRODUCT_BUNDLE_IDENTIFIER = PokeDex.PokeDexApp;
				PRODUCT_NAME = "$(TARGET_NAME)";
				SUPPORTED_PLATFORMS = "iphoneos iphonesimulator";
				SUPPORTS_MACCATALYST = NO;
				SUPPORTS_MAC_DESIGNED_FOR_IPHONE_IPAD = NO;
				SUPPORTS_XR_DESIGNED_FOR_IPHONE_IPAD = NO;
				SWIFT_EMIT_LOC_STRINGS = YES;
				SWIFT_VERSION = 5.0;
				TARGETED_DEVICE_FAMILY = 1;
			};
			name = Debug;
		};
		C7A5B7212D933C8F0049AD92 /* Release */ = {
			isa = XCBuildConfiguration;
			buildSettings = {
				ASSETCATALOG_COMPILER_APPICON_NAME = AppIcon;
				ASSETCATALOG_COMPILER_GLOBAL_ACCENT_COLOR_NAME = AccentColor;
				CODE_SIGN_STYLE = Automatic;
				CURRENT_PROJECT_VERSION = 1;
				DEVELOPMENT_TEAM = 2D25YZNJAC;
				GENERATE_INFOPLIST_FILE = YES;
				INFOPLIST_FILE = PokeDexApp/Info.plist;
				INFOPLIST_KEY_CFBundleDisplayName = PokeDex;
				INFOPLIST_KEY_LSApplicationCategoryType = "public.app-category.lifestyle";
				INFOPLIST_KEY_UIApplicationSupportsIndirectInputEvents = YES;
				INFOPLIST_KEY_UILaunchStoryboardName = LaunchScreen;
				INFOPLIST_KEY_UISupportedInterfaceOrientations = UIInterfaceOrientationPortrait;
				INFOPLIST_KEY_UISupportedInterfaceOrientations_iPad = "UIInterfaceOrientationLandscapeLeft UIInterfaceOrientationLandscapeRight UIInterfaceOrientationPortrait UIInterfaceOrientationPortraitUpsideDown";
				LD_RUNPATH_SEARCH_PATHS = (
					"$(inherited)",
					"@executable_path/Frameworks",
				);
				MARKETING_VERSION = 1.0;
				PRODUCT_BUNDLE_IDENTIFIER = PokeDex.PokeDexApp;
				PRODUCT_NAME = "$(TARGET_NAME)";
				SUPPORTED_PLATFORMS = "iphoneos iphonesimulator";
				SUPPORTS_MACCATALYST = NO;
				SUPPORTS_MAC_DESIGNED_FOR_IPHONE_IPAD = NO;
				SUPPORTS_XR_DESIGNED_FOR_IPHONE_IPAD = NO;
				SWIFT_EMIT_LOC_STRINGS = YES;
				SWIFT_VERSION = 5.0;
				TARGETED_DEVICE_FAMILY = 1;
			};
			name = Release;
		};
		C7A5B7222D933C8F0049AD92 /* Debug */ = {
			isa = XCBuildConfiguration;
			buildSettings = {
				ALWAYS_SEARCH_USER_PATHS = NO;
				ASSETCATALOG_COMPILER_GENERATE_SWIFT_ASSET_SYMBOL_EXTENSIONS = YES;
				CLANG_ANALYZER_NONNULL = YES;
				CLANG_ANALYZER_NUMBER_OBJECT_CONVERSION = YES_AGGRESSIVE;
				CLANG_CXX_LANGUAGE_STANDARD = "gnu++20";
				CLANG_ENABLE_MODULES = YES;
				CLANG_ENABLE_OBJC_ARC = YES;
				CLANG_ENABLE_OBJC_WEAK = YES;
				CLANG_WARN_BLOCK_CAPTURE_AUTORELEASING = YES;
				CLANG_WARN_BOOL_CONVERSION = YES;
				CLANG_WARN_COMMA = YES;
				CLANG_WARN_CONSTANT_CONVERSION = YES;
				CLANG_WARN_DEPRECATED_OBJC_IMPLEMENTATIONS = YES;
				CLANG_WARN_DIRECT_OBJC_ISA_USAGE = YES_ERROR;
				CLANG_WARN_DOCUMENTATION_COMMENTS = YES;
				CLANG_WARN_EMPTY_BODY = YES;
				CLANG_WARN_ENUM_CONVERSION = YES;
				CLANG_WARN_INFINITE_RECURSION = YES;
				CLANG_WARN_INT_CONVERSION = YES;
				CLANG_WARN_NON_LITERAL_NULL_CONVERSION = YES;
				CLANG_WARN_OBJC_IMPLICIT_RETAIN_SELF = YES;
				CLANG_WARN_OBJC_LITERAL_CONVERSION = YES;
				CLANG_WARN_OBJC_ROOT_CLASS = YES_ERROR;
				CLANG_WARN_QUOTED_INCLUDE_IN_FRAMEWORK_HEADER = YES;
				CLANG_WARN_RANGE_LOOP_ANALYSIS = YES;
				CLANG_WARN_STRICT_PROTOTYPES = YES;
				CLANG_WARN_SUSPICIOUS_MOVE = YES;
				CLANG_WARN_UNGUARDED_AVAILABILITY = YES_AGGRESSIVE;
				CLANG_WARN_UNREACHABLE_CODE = YES;
				CLANG_WARN__DUPLICATE_METHOD_MATCH = YES;
				COPY_PHASE_STRIP = NO;
				DEBUG_INFORMATION_FORMAT = dwarf;
				ENABLE_STRICT_OBJC_MSGSEND = YES;
				ENABLE_TESTABILITY = YES;
				ENABLE_USER_SCRIPT_SANDBOXING = YES;
				GCC_C_LANGUAGE_STANDARD = gnu17;
				GCC_DYNAMIC_NO_PIC = NO;
				GCC_NO_COMMON_BLOCKS = YES;
				GCC_OPTIMIZATION_LEVEL = 0;
				GCC_PREPROCESSOR_DEFINITIONS = (
					"DEBUG=1",
					"$(inherited)",
				);
				GCC_WARN_64_TO_32_BIT_CONVERSION = YES;
				GCC_WARN_ABOUT_RETURN_TYPE = YES_ERROR;
				GCC_WARN_UNDECLARED_SELECTOR = YES;
				GCC_WARN_UNINITIALIZED_AUTOS = YES_AGGRESSIVE;
				GCC_WARN_UNUSED_FUNCTION = YES;
				GCC_WARN_UNUSED_VARIABLE = YES;
				IPHONEOS_DEPLOYMENT_TARGET = 18.2;
				LOCALIZATION_PREFERS_STRING_CATALOGS = YES;
				MTL_ENABLE_DEBUG_INFO = INCLUDE_SOURCE;
				MTL_FAST_MATH = YES;
				ONLY_ACTIVE_ARCH = YES;
				SDKROOT = iphoneos;
				SWIFT_ACTIVE_COMPILATION_CONDITIONS = "DEBUG $(inherited)";
				SWIFT_OPTIMIZATION_LEVEL = "-Onone";
			};
			name = Debug;
		};
		C7A5B7232D933C8F0049AD92 /* Release */ = {
			isa = XCBuildConfiguration;
			buildSettings = {
				ALWAYS_SEARCH_USER_PATHS = NO;
				ASSETCATALOG_COMPILER_GENERATE_SWIFT_ASSET_SYMBOL_EXTENSIONS = YES;
				CLANG_ANALYZER_NONNULL = YES;
				CLANG_ANALYZER_NUMBER_OBJECT_CONVERSION = YES_AGGRESSIVE;
				CLANG_CXX_LANGUAGE_STANDARD = "gnu++20";
				CLANG_ENABLE_MODULES = YES;
				CLANG_ENABLE_OBJC_ARC = YES;
				CLANG_ENABLE_OBJC_WEAK = YES;
				CLANG_WARN_BLOCK_CAPTURE_AUTORELEASING = YES;
				CLANG_WARN_BOOL_CONVERSION = YES;
				CLANG_WARN_COMMA = YES;
				CLANG_WARN_CONSTANT_CONVERSION = YES;
				CLANG_WARN_DEPRECATED_OBJC_IMPLEMENTATIONS = YES;
				CLANG_WARN_DIRECT_OBJC_ISA_USAGE = YES_ERROR;
				CLANG_WARN_DOCUMENTATION_COMMENTS = YES;
				CLANG_WARN_EMPTY_BODY = YES;
				CLANG_WARN_ENUM_CONVERSION = YES;
				CLANG_WARN_INFINITE_RECURSION = YES;
				CLANG_WARN_INT_CONVERSION = YES;
				CLANG_WARN_NON_LITERAL_NULL_CONVERSION = YES;
				CLANG_WARN_OBJC_IMPLICIT_RETAIN_SELF = YES;
				CLANG_WARN_OBJC_LITERAL_CONVERSION = YES;
				CLANG_WARN_OBJC_ROOT_CLASS = YES_ERROR;
				CLANG_WARN_QUOTED_INCLUDE_IN_FRAMEWORK_HEADER = YES;
				CLANG_WARN_RANGE_LOOP_ANALYSIS = YES;
				CLANG_WARN_STRICT_PROTOTYPES = YES;
				CLANG_WARN_SUSPICIOUS_MOVE = YES;
				CLANG_WARN_UNGUARDED_AVAILABILITY = YES_AGGRESSIVE;
				CLANG_WARN_UNREACHABLE_CODE = YES;
				CLANG_WARN__DUPLICATE_METHOD_MATCH = YES;
				COPY_PHASE_STRIP = NO;
				DEBUG_INFORMATION_FORMAT = "dwarf-with-dsym";
				ENABLE_NS_ASSERTIONS = NO;
				ENABLE_STRICT_OBJC_MSGSEND = YES;
				ENABLE_USER_SCRIPT_SANDBOXING = YES;
				GCC_C_LANGUAGE_STANDARD = gnu17;
				GCC_NO_COMMON_BLOCKS = YES;
				GCC_WARN_64_TO_32_BIT_CONVERSION = YES;
				GCC_WARN_ABOUT_RETURN_TYPE = YES_ERROR;
				GCC_WARN_UNDECLARED_SELECTOR = YES;
				GCC_WARN_UNINITIALIZED_AUTOS = YES_AGGRESSIVE;
				GCC_WARN_UNUSED_FUNCTION = YES;
				GCC_WARN_UNUSED_VARIABLE = YES;
				IPHONEOS_DEPLOYMENT_TARGET = 18.2;
				LOCALIZATION_PREFERS_STRING_CATALOGS = YES;
				MTL_ENABLE_DEBUG_INFO = NO;
				MTL_FAST_MATH = YES;
				SDKROOT = iphoneos;
				SWIFT_COMPILATION_MODE = wholemodule;
				VALIDATE_PRODUCT = YES;
			};
			name = Release;
		};
		C7A5B7252D933C8F0049AD92 /* Debug */ = {
			isa = XCBuildConfiguration;
			buildSettings = {
				BUNDLE_LOADER = "$(TEST_HOST)";
				CODE_SIGN_STYLE = Automatic;
				CURRENT_PROJECT_VERSION = 1;
				DEVELOPMENT_TEAM = 2D25YZNJAC;
				GENERATE_INFOPLIST_FILE = YES;
				IPHONEOS_DEPLOYMENT_TARGET = 18.2;
				MARKETING_VERSION = 1.0;
				PRODUCT_BUNDLE_IDENTIFIER = PokeDex.PokeDexAppTests;
				PRODUCT_NAME = "$(TARGET_NAME)";
				SWIFT_EMIT_LOC_STRINGS = NO;
				SWIFT_VERSION = 5.0;
				TARGETED_DEVICE_FAMILY = "1,2";
				TEST_HOST = "$(BUILT_PRODUCTS_DIR)/PokeDexApp.app/$(BUNDLE_EXECUTABLE_FOLDER_PATH)/PokeDexApp";
			};
			name = Debug;
		};
		C7A5B7262D933C8F0049AD92 /* Release */ = {
			isa = XCBuildConfiguration;
			buildSettings = {
				BUNDLE_LOADER = "$(TEST_HOST)";
				CODE_SIGN_STYLE = Automatic;
				CURRENT_PROJECT_VERSION = 1;
				DEVELOPMENT_TEAM = 2D25YZNJAC;
				GENERATE_INFOPLIST_FILE = YES;
				IPHONEOS_DEPLOYMENT_TARGET = 18.2;
				MARKETING_VERSION = 1.0;
				PRODUCT_BUNDLE_IDENTIFIER = PokeDex.PokeDexAppTests;
				PRODUCT_NAME = "$(TARGET_NAME)";
				SWIFT_EMIT_LOC_STRINGS = NO;
				SWIFT_VERSION = 5.0;
				TARGETED_DEVICE_FAMILY = "1,2";
				TEST_HOST = "$(BUILT_PRODUCTS_DIR)/PokeDexApp.app/$(BUNDLE_EXECUTABLE_FOLDER_PATH)/PokeDexApp";
			};
			name = Release;
		};
		C7A5B7282D933C8F0049AD92 /* Debug */ = {
			isa = XCBuildConfiguration;
			buildSettings = {
				CODE_SIGN_STYLE = Automatic;
				CURRENT_PROJECT_VERSION = 1;
				DEVELOPMENT_TEAM = 2D25YZNJAC;
				GENERATE_INFOPLIST_FILE = YES;
				MARKETING_VERSION = 1.0;
				PRODUCT_BUNDLE_IDENTIFIER = PokeDex.PokeDexAppUITests;
				PRODUCT_NAME = "$(TARGET_NAME)";
				SWIFT_EMIT_LOC_STRINGS = NO;
				SWIFT_VERSION = 5.0;
				TARGETED_DEVICE_FAMILY = "1,2";
				TEST_TARGET_NAME = PokeDexApp;
			};
			name = Debug;
		};
		C7A5B7292D933C8F0049AD92 /* Release */ = {
			isa = XCBuildConfiguration;
			buildSettings = {
				CODE_SIGN_STYLE = Automatic;
				CURRENT_PROJECT_VERSION = 1;
				DEVELOPMENT_TEAM = 2D25YZNJAC;
				GENERATE_INFOPLIST_FILE = YES;
				MARKETING_VERSION = 1.0;
				PRODUCT_BUNDLE_IDENTIFIER = PokeDex.PokeDexAppUITests;
				PRODUCT_NAME = "$(TARGET_NAME)";
				SWIFT_EMIT_LOC_STRINGS = NO;
				SWIFT_VERSION = 5.0;
				TARGETED_DEVICE_FAMILY = "1,2";
				TEST_TARGET_NAME = PokeDexApp;
			};
			name = Release;
		};
/* End XCBuildConfiguration section */

/* Begin XCConfigurationList section */
		C7A5B6F12D933C8E0049AD92 /* Build configuration list for PBXProject "PokeDexApp" */ = {
			isa = XCConfigurationList;
			buildConfigurations = (
				C7A5B7222D933C8F0049AD92 /* Debug */,
				C7A5B7232D933C8F0049AD92 /* Release */,
			);
			defaultConfigurationIsVisible = 0;
			defaultConfigurationName = Release;
		};
		C7A5B71F2D933C8F0049AD92 /* Build configuration list for PBXNativeTarget "PokeDexApp" */ = {
			isa = XCConfigurationList;
			buildConfigurations = (
				C7A5B7202D933C8F0049AD92 /* Debug */,
				C7A5B7212D933C8F0049AD92 /* Release */,
			);
			defaultConfigurationIsVisible = 0;
			defaultConfigurationName = Release;
		};
		C7A5B7242D933C8F0049AD92 /* Build configuration list for PBXNativeTarget "PokeDexAppTests" */ = {
			isa = XCConfigurationList;
			buildConfigurations = (
				C7A5B7252D933C8F0049AD92 /* Debug */,
				C7A5B7262D933C8F0049AD92 /* Release */,
			);
			defaultConfigurationIsVisible = 0;
			defaultConfigurationName = Release;
		};
		C7A5B7272D933C8F0049AD92 /* Build configuration list for PBXNativeTarget "PokeDexAppUITests" */ = {
			isa = XCConfigurationList;
			buildConfigurations = (
				C7A5B7282D933C8F0049AD92 /* Debug */,
				C7A5B7292D933C8F0049AD92 /* Release */,
			);
			defaultConfigurationIsVisible = 0;
			defaultConfigurationName = Release;
		};
/* End XCConfigurationList section */
	};
	rootObject = C7A5B6EE2D933C8E0049AD92 /* Project object */;
}
